{
  "nodes": {
    "home-manager": {
      "inputs": {
        "nixpkgs": [
          "nixpkgs"
        ]
      },
      "locked": {
        "lastModified": 1714377222,
        "narHash": "sha256-UsDsjWCKlWn8vbXi8Zza9Hkq3xyk8fpvFNo2VM5S74E=",
        "owner": "nix-community",
        "repo": "home-manager",
        "rev": "2af7c78b7bb9cf18406a193eba13ef9f99388f49",
        "type": "github"
      },
      "original": {
        "owner": "nix-community",
        "repo": "home-manager",
        "type": "github"
      }
    },
    "nixpkgs": {
      "locked": {
        "lastModified": 1714416132,
        "narHash": "sha256-XGohsDsMHsmhpCPYJur5e8q0ExtaC0iJ2Vo8g1enfzA=",
        "owner": "nixos",
        "repo": "nixpkgs",
        "rev": "4d8d19fc615671d1e8b73f35a52e90e04030644d",
        "type": "github"
      },
      "original": {
        "owner": "nixos",
        "ref": "master",
        "repo": "nixpkgs",
        "type": "github"
      }
    },
    "root": {
      "inputs": {
        "home-manager": "home-manager",
        "nixpkgs": "nixpkgs"
      }
    }
  },
  "root": "root",
  "version": 7
}
